
Microsoft Visual Studio Solution File, Format Version 12.00
Project("{FAE04EC0-301F-11D3-BF4B-00C04F79EFBC}") = "MyBlog", "MyBlog\MyBlog.csproj", "{B2A39E3B-FCE9-4B39-BC11-F8BD06113E32}"
EndProject
Project("{FAE04EC0-301F-11D3-BF4B-00C04F79EFBC}") = "MyBlog.Tests", "MyBlog.Tests\MyBlog.Tests.csproj", "{D8C7F462-D1F2-4F69-932C-5C466B113C25}"
EndProject
Project("{FAE04EC0-301F-11D3-BF4B-00C04F79EFBC}") = "MyBlog.ModerationEval", "MyBlog.ModerationEval\MyBlog.ModerationEval.csproj", "{37EE0565-61D1-4A5D-8FEE-1A1DF9CC89CC}"
EndProject
Project("{FAE04EC0-301F-11D3-BF4B-00C04F79EFBC}") = "MyBlog.AislePilot", "MyBlog.AislePilot\MyBlog.AislePilot.csproj", "{933404BE-0466-4B9E-8094-ABF683385D17}"
EndProject
Global
	GlobalSection(SolutionConfigurationPlatforms) = preSolution
		Debug|Any CPU = Debug|Any CPU
		Debug|x64 = Debug|x64
		Debug|x86 = Debug|x86
		Release|Any CPU = Release|Any CPU
		Release|x64 = Release|x64
		Release|x86 = Release|x86
	EndGlobalSection
	GlobalSection(ProjectConfigurationPlatforms) = postSolution
		{B2A39E3B-FCE9-4B39-BC11-F8BD06113E32}.Debug|Any CPU.ActiveCfg = Debug|Any CPU
		{B2A39E3B-FCE9-4B39-BC11-F8BD06113E32}.Debug|Any CPU.Build.0 = Debug|Any CPU
		{B2A39E3B-FCE9-4B39-BC11-F8BD06113E32}.Debug|x64.ActiveCfg = Debug|Any CPU
		{B2A39E3B-FCE9-4B39-BC11-F8BD06113E32}.Debug|x64.Build.0 = Debug|Any CPU
		{B2A39E3B-FCE9-4B39-BC11-F8BD06113E32}.Debug|x86.ActiveCfg = Debug|Any CPU
		{B2A39E3B-FCE9-4B39-BC11-F8BD06113E32}.Debug|x86.Build.0 = Debug|Any CPU
		{B2A39E3B-FCE9-4B39-BC11-F8BD06113E32}.Release|Any CPU.ActiveCfg = Release|Any CPU
		{B2A39E3B-FCE9-4B39-BC11-F8BD06113E32}.Release|Any CPU.Build.0 = Release|Any CPU
		{B2A39E3B-FCE9-4B39-BC11-F8BD06113E32}.Release|x64.ActiveCfg = Release|Any CPU
		{B2A39E3B-FCE9-4B39-BC11-F8BD06113E32}.Release|x64.Build.0 = Release|Any CPU
		{B2A39E3B-FCE9-4B39-BC11-F8BD06113E32}.Release|x86.ActiveCfg = Release|Any CPU
		{B2A39E3B-FCE9-4B39-BC11-F8BD06113E32}.Release|x86.Build.0 = Release|Any CPU
		{D8C7F462-D1F2-4F69-932C-5C466B113C25}.Debug|Any CPU.ActiveCfg = Debug|Any CPU
		{D8C7F462-D1F2-4F69-932C-5C466B113C25}.Debug|Any CPU.Build.0 = Debug|Any CPU
		{D8C7F462-D1F2-4F69-932C-5C466B113C25}.Debug|x64.ActiveCfg = Debug|Any CPU
		{D8C7F462-D1F2-4F69-932C-5C466B113C25}.Debug|x64.Build.0 = Debug|Any CPU
		{D8C7F462-D1F2-4F69-932C-5C466B113C25}.Debug|x86.ActiveCfg = Debug|Any CPU
		{D8C7F462-D1F2-4F69-932C-5C466B113C25}.Debug|x86.Build.0 = Debug|Any CPU
		{D8C7F462-D1F2-4F69-932C-5C466B113C25}.Release|Any CPU.ActiveCfg = Release|Any CPU
		{D8C7F462-D1F2-4F69-932C-5C466B113C25}.Release|Any CPU.Build.0 = Release|Any CPU
		{D8C7F462-D1F2-4F69-932C-5C466B113C25}.Release|x64.ActiveCfg = Release|Any CPU
		{D8C7F462-D1F2-4F69-932C-5C466B113C25}.Release|x64.Build.0 = Release|Any CPU
		{D8C7F462-D1F2-4F69-932C-5C466B113C25}.Release|x86.ActiveCfg = Release|Any CPU
		{D8C7F462-D1F2-4F69-932C-5C466B113C25}.Release|x86.Build.0 = Release|Any CPU
		{37EE0565-61D1-4A5D-8FEE-1A1DF9CC89CC}.Debug|Any CPU.ActiveCfg = Debug|Any CPU
		{37EE0565-61D1-4A5D-8FEE-1A1DF9CC89CC}.Debug|Any CPU.Build.0 = Debug|Any CPU
		{37EE0565-61D1-4A5D-8FEE-1A1DF9CC89CC}.Debug|x64.ActiveCfg = Debug|Any CPU
		{37EE0565-61D1-4A5D-8FEE-1A1DF9CC89CC}.Debug|x64.Build.0 = Debug|Any CPU
		{37EE0565-61D1-4A5D-8FEE-1A1DF9CC89CC}.Debug|x86.ActiveCfg = Debug|Any CPU
		{37EE0565-61D1-4A5D-8FEE-1A1DF9CC89CC}.Debug|x86.Build.0 = Debug|Any CPU
		{37EE0565-61D1-4A5D-8FEE-1A1DF9CC89CC}.Release|Any CPU.ActiveCfg = Release|Any CPU
		{37EE0565-61D1-4A5D-8FEE-1A1DF9CC89CC}.Release|Any CPU.Build.0 = Release|Any CPU
		{37EE0565-61D1-4A5D-8FEE-1A1DF9CC89CC}.Release|x64.ActiveCfg = Release|Any CPU
		{37EE0565-61D1-4A5D-8FEE-1A1DF9CC89CC}.Release|x64.Build.0 = Release|Any CPU
		{37EE0565-61D1-4A5D-8FEE-1A1DF9CC89CC}.Release|x86.ActiveCfg = Release|Any CPU
		{37EE0565-61D1-4A5D-8FEE-1A1DF9CC89CC}.Release|x86.Build.0 = Release|Any CPU
		{933404BE-0466-4B9E-8094-ABF683385D17}.Debug|Any CPU.ActiveCfg = Debug|Any CPU
		{933404BE-0466-4B9E-8094-ABF683385D17}.Debug|Any CPU.Build.0 = Debug|Any CPU
		{933404BE-0466-4B9E-8094-ABF683385D17}.Debug|x64.ActiveCfg = Debug|Any CPU
		{933404BE-0466-4B9E-8094-ABF683385D17}.Debug|x64.Build.0 = Debug|Any CPU
		{933404BE-0466-4B9E-8094-ABF683385D17}.Debug|x86.ActiveCfg = Debug|Any CPU
		{933404BE-0466-4B9E-8094-ABF683385D17}.Debug|x86.Build.0 = Debug|Any CPU
		{933404BE-0466-4B9E-8094-ABF683385D17}.Release|Any CPU.ActiveCfg = Release|Any CPU
		{933404BE-0466-4B9E-8094-ABF683385D17}.Release|Any CPU.Build.0 = Release|Any CPU
		{933404BE-0466-4B9E-8094-ABF683385D17}.Release|x64.ActiveCfg = Release|Any CPU
		{933404BE-0466-4B9E-8094-ABF683385D17}.Release|x64.Build.0 = Release|Any CPU
		{933404BE-0466-4B9E-8094-ABF683385D17}.Release|x86.ActiveCfg = Release|Any CPU
		{933404BE-0466-4B9E-8094-ABF683385D17}.Release|x86.Build.0 = Release|Any CPU
	EndGlobalSection
	GlobalSection(SolutionProperties) = preSolution
		HideSolutionNode = FALSE
	EndGlobalSection
EndGlobal
